
Microsoft Visual Studio Solution File, Format Version 12.00
# Visual Studio 15
VisualStudioVersion = 15.0.27703.2000
MinimumVisualStudioVersion = 10.0.40219.1
Project("{FAE04EC0-301F-11D3-BF4B-00C04F79EFBC}") = "Prototype", "Prototype\Prototype.csproj", "{F96E37F3-37E7-437C-8FD5-B6714D366D54}"
EndProject
Project("{FAE04EC0-301F-11D3-BF4B-00C04F79EFBC}") = "Prototype.Tests", "Prototype.Tests\Prototype.Tests.csproj", "{278F2131-9038-4594-AEB7-94AEF969911F}"
EndProject
Project("{FAE04EC0-301F-11D3-BF4B-00C04F79EFBC}") = "Prototype.Domain", "Prototype.Domain\Prototype.Domain.csproj", "{27C82A50-20C9-4161-A7EB-09FDE5C5F341}"
EndProject
Global
	GlobalSection(SolutionConfigurationPlatforms) = preSolution
		Debug|Any CPU = Debug|Any CPU
		Release|Any CPU = Release|Any CPU
	EndGlobalSection
	GlobalSection(ProjectConfigurationPlatforms) = postSolution
		{F96E37F3-37E7-437C-8FD5-B6714D366D54}.Debug|Any CPU.ActiveCfg = Debug|Any CPU
		{F96E37F3-37E7-437C-8FD5-B6714D366D54}.Debug|Any CPU.Build.0 = Debug|Any CPU
		{F96E37F3-37E7-437C-8FD5-B6714D366D54}.Release|Any CPU.ActiveCfg = Release|Any CPU
		{F96E37F3-37E7-437C-8FD5-B6714D366D54}.Release|Any CPU.Build.0 = Release|Any CPU
		{278F2131-9038-4594-AEB7-94AEF969911F}.Debug|Any CPU.ActiveCfg = Debug|Any CPU
		{278F2131-9038-4594-AEB7-94AEF969911F}.Debug|Any CPU.Build.0 = Debug|Any CPU
		{278F2131-9038-4594-AEB7-94AEF969911F}.Release|Any CPU.ActiveCfg = Release|Any CPU
		{278F2131-9038-4594-AEB7-94AEF969911F}.Release|Any CPU.Build.0 = Release|Any CPU
		{27C82A50-20C9-4161-A7EB-09FDE5C5F341}.Debug|Any CPU.ActiveCfg = Debug|Any CPU
		{27C82A50-20C9-4161-A7EB-09FDE5C5F341}.Debug|Any CPU.Build.0 = Debug|Any CPU
		{27C82A50-20C9-4161-A7EB-09FDE5C5F341}.Release|Any CPU.ActiveCfg = Release|Any CPU
		{27C82A50-20C9-4161-A7EB-09FDE5C5F341}.Release|Any CPU.Build.0 = Release|Any CPU
	EndGlobalSection
	GlobalSection(SolutionProperties) = preSolution
		HideSolutionNode = FALSE
	EndGlobalSection
	GlobalSection(ExtensibilityGlobals) = postSolution
		SolutionGuid = {B3623A16-7EC4-4CF8-BA35-1DF3BF34CF1E}
	EndGlobalSection
EndGlobal
